// !$*UTF8*$!
{
	archiveVersion = 1;
	classes = {
	};
	objectVersion = 48;
	objects = {

/* Begin PBXBuildFile section */
		54039F031FD9001B00298581 /* AppDelegate.swift in Sources */ = {isa = PBXBuildFile; fileRef = 54039F021FD9001B00298581 /* AppDelegate.swift */; };
		54039F051FD9001B00298581 /* CameraVC.swift in Sources */ = {isa = PBXBuildFile; fileRef = 54039F041FD9001B00298581 /* CameraVC.swift */; };
		54039F081FD9001B00298581 /* Main.storyboard in Resources */ = {isa = PBXBuildFile; fileRef = 54039F061FD9001B00298581 /* Main.storyboard */; };
		54039F0A1FD9001B00298581 /* Assets.xcassets in Resources */ = {isa = PBXBuildFile; fileRef = 54039F091FD9001B00298581 /* Assets.xcassets */; };
		54039F0D1FD9001B00298581 /* LaunchScreen.storyboard in Resources */ = {isa = PBXBuildFile; fileRef = 54039F0B1FD9001B00298581 /* LaunchScreen.storyboard */; };
		54F2AEDF1FDA4EAE001A79F0 /* RoundedShadowView.swift in Sources */ = {isa = PBXBuildFile; fileRef = 54F2AEDE1FDA4EAE001A79F0 /* RoundedShadowView.swift */; };
		54F2AEE11FDA500E001A79F0 /* RoundedShadowButton.swift in Sources */ = {isa = PBXBuildFile; fileRef = 54F2AEE01FDA500E001A79F0 /* RoundedShadowButton.swift */; };
		54F2AEE31FDA509E001A79F0 /* RoundedShadowImageView.swift in Sources */ = {isa = PBXBuildFile; fileRef = 54F2AEE21FDA509E001A79F0 /* RoundedShadowImageView.swift */; };
/* End PBXBuildFile section */

/* Begin PBXFileReference section */
		54039EFF1FD9001B00298581 /* VisionAppDev.app */ = {isa = PBXFileReference; explicitFileType = wrapper.application; includeInIndex = 0; path = VisionAppDev.app; sourceTree = BUILT_PRODUCTS_DIR; };
		54039F021FD9001B00298581 /* AppDelegate.swift */ = {isa = PBXFileReference; lastKnownFileType = sourcecode.swift; path = AppDelegate.swift; sourceTree = "<group>"; };
		54039F041FD9001B00298581 /* CameraVC.swift */ = {isa = PBXFileReference; lastKnownFileType = sourcecode.swift; path = CameraVC.swift; sourceTree = "<group>"; };
		54039F071FD9001B00298581 /* Base */ = {isa = PBXFileReference; lastKnownFileType = file.storyboard; name = Base; path = Base.lproj/Main.storyboard; sourceTree = "<group>"; };
		54039F091FD9001B00298581 /* Assets.xcassets */ = {isa = PBXFileReference; lastKnownFileType = folder.assetcatalog; path = Assets.xcassets; sourceTree = "<group>"; };
		54039F0C1FD9001B00298581 /* Base */ = {isa = PBXFileReference; lastKnownFileType = file.storyboard; name = Base; path = Base.lproj/LaunchScreen.storyboard; sourceTree = "<group>"; };
		54039F0E1FD9001B00298581 /* Info.plist */ = {isa = PBXFileReference; lastKnownFileType = text.plist.xml; path = Info.plist; sourceTree = "<group>"; };
		54F2AEDE1FDA4EAE001A79F0 /* RoundedShadowView.swift */ = {isa = PBXFileReference; lastKnownFileType = sourcecode.swift; path = RoundedShadowView.swift; sourceTree = "<group>"; };
		54F2AEE01FDA500E001A79F0 /* RoundedShadowButton.swift */ = {isa = PBXFileReference; lastKnownFileType = sourcecode.swift; path = RoundedShadowButton.swift; sourceTree = "<group>"; };
		54F2AEE21FDA509E001A79F0 /* RoundedShadowImageView.swift */ = {isa = PBXFileReference; lastKnownFileType = sourcecode.swift; path = RoundedShadowImageView.swift; sourceTree = "<group>"; };
/* End PBXFileReference section */

/* Begin PBXFrameworksBuildPhase section */
		54039EFC1FD9001B00298581 /* Frameworks */ = {
			isa = PBXFrameworksBuildPhase;
			buildActionMask = 2147483647;
			files = (
			);
			runOnlyForDeploymentPostprocessing = 0;
		};
/* End PBXFrameworksBuildPhase section */

/* Begin PBXGroup section */
		54039EF61FD9001B00298581 = {
			isa = PBXGroup;
			children = (
				54039F011FD9001B00298581 /* VisionAppDev */,
				54039F001FD9001B00298581 /* Products */,
			);
			sourceTree = "<group>";
		};
		54039F001FD9001B00298581 /* Products */ = {
			isa = PBXGroup;
			children = (
				54039EFF1FD9001B00298581 /* VisionAppDev.app */,
			);
			name = Products;
			sourceTree = "<group>";
		};
		54039F011FD9001B00298581 /* VisionAppDev */ = {
			isa = PBXGroup;
			children = (
				54039F161FD9005600298581 /* Resources */,
				54039F151FD9004500298581 /* View */,
				54039F141FD9003E00298581 /* Controller */,
				54039F021FD9001B00298581 /* AppDelegate.swift */,
				54039F061FD9001B00298581 /* Main.storyboard */,
				54039F091FD9001B00298581 /* Assets.xcassets */,
				54039F0B1FD9001B00298581 /* LaunchScreen.storyboard */,
				54039F0E1FD9001B00298581 /* Info.plist */,
			);
			path = VisionAppDev;
			sourceTree = "<group>";
		};
		54039F141FD9003E00298581 /* Controller */ = {
			isa = PBXGroup;
			children = (
				54039F041FD9001B00298581 /* CameraVC.swift */,
			);
			path = Controller;
			sourceTree = "<group>";
		};
		54039F151FD9004500298581 /* View */ = {
			isa = PBXGroup;
			children = (
				54F2AEDE1FDA4EAE001A79F0 /* RoundedShadowView.swift */,
				54F2AEE01FDA500E001A79F0 /* RoundedShadowButton.swift */,
				54F2AEE21FDA509E001A79F0 /* RoundedShadowImageView.swift */,
			);
			path = View;
			sourceTree = "<group>";
		};
		54039F161FD9005600298581 /* Resources */ = {
			isa = PBXGroup;
			children = (
			);
			path = Resources;
			sourceTree = "<group>";
		};
/* End PBXGroup section */

/* Begin PBXNativeTarget section */
		54039EFE1FD9001B00298581 /* VisionAppDev */ = {
			isa = PBXNativeTarget;
			buildConfigurationList = 54039F111FD9001B00298581 /* Build configuration list for PBXNativeTarget "VisionAppDev" */;
			buildPhases = (
				54039EFB1FD9001B00298581 /* Sources */,
				54039EFC1FD9001B00298581 /* Frameworks */,
				54039EFD1FD9001B00298581 /* Resources */,
			);
			buildRules = (
			);
			dependencies = (
			);
			name = VisionAppDev;
			productName = VisionAppDev;
			productReference = 54039EFF1FD9001B00298581 /* VisionAppDev.app */;
			productType = "com.apple.product-type.application";
		};
/* End PBXNativeTarget section */

/* Begin PBXProject section */
		54039EF71FD9001B00298581 /* Project object */ = {
			isa = PBXProject;
			attributes = {
				LastSwiftUpdateCheck = 0910;
				LastUpgradeCheck = 0910;
				ORGANIZATIONNAME = "Scott Kilbourn";
				TargetAttributes = {
					54039EFE1FD9001B00298581 = {
						CreatedOnToolsVersion = 9.1;
						ProvisioningStyle = Automatic;
					};
				};
			};
			buildConfigurationList = 54039EFA1FD9001B00298581 /* Build configuration list for PBXProject "VisionAppDev" */;
			compatibilityVersion = "Xcode 8.0";
			developmentRegion = en;
			hasScannedForEncodings = 0;
			knownRegions = (
				en,
				Base,
			);
			mainGroup = 54039EF61FD9001B00298581;
			productRefGroup = 54039F001FD9001B00298581 /* Products */;
			projectDirPath = "";
			projectRoot = "";
			targets = (
				54039EFE1FD9001B00298581 /* VisionAppDev */,
			);
		};
/* End PBXProject section */

/* Begin PBXResourcesBuildPhase section */
		54039EFD1FD9001B00298581 /* Resources */ = {
			isa = PBXResourcesBuildPhase;
			buildActionMask = 2147483647;
			files = (
				54039F0D1FD9001B00298581 /* LaunchScreen.storyboard in Resources */,
				54039F0A1FD9001B00298581 /* Assets.xcassets in Resources */,
				54039F081FD9001B00298581 /* Main.storyboard in Resources */,
			);
			runOnlyForDeploymentPostprocessing = 0;
		};
/* End PBXResourcesBuildPhase section */

/* Begin PBXSourcesBuildPhase section */
		54039EFB1FD9001B00298581 /* Sources */ = {
			isa = PBXSourcesBuildPhase;
			buildActionMask = 2147483647;
			files = (
				54039F051FD9001B00298581 /* CameraVC.swift in Sources */,
				54039F031FD9001B00298581 /* AppDelegate.swift in Sources */,
				54F2AEDF1FDA4EAE001A79F0 /* RoundedShadowView.swift in Sources */,
				54F2AEE11FDA500E001A79F0 /* RoundedShadowButton.swift in Sources */,
				54F2AEE31FDA509E001A79F0 /* RoundedShadowImageView.swift in Sources */,
			);
			runOnlyForDeploymentPostprocessing = 0;
		};
/* End PBXSourcesBuildPhase section */

/* Begin PBXVariantGroup section */
		54039F061FD9001B00298581 /* Main.storyboard */ = {
			isa = PBXVariantGroup;
			children = (
				54039F071FD9001B00298581 /* Base */,
			);
			name = Main.storyboard;
			sourceTree = "<group>";
		};
		54039F0B1FD9001B00298581 /* LaunchScreen.storyboard */ = {
			isa = PBXVariantGroup;
			children = (
				54039F0C1FD9001B00298581 /* Base */,
			);
			name = LaunchScreen.storyboard;
			sourceTree = "<group>";
		};
/* End PBXVariantGroup section */

/* Begin XCBuildConfiguration section */
		54039F0F1FD9001B00298581 /* Debug */ = {
			isa = XCBuildConfiguration;
			buildSettings = {
				ALWAYS_SEARCH_USER_PATHS = NO;
				CLANG_ANALYZER_NONNULL = YES;
				CLANG_ANALYZER_NUMBER_OBJECT_CONVERSION = YES_AGGRESSIVE;
				CLANG_CXX_LANGUAGE_STANDARD = "gnu++14";
				CLANG_CXX_LIBRARY = "libc++";
				CLANG_ENABLE_MODULES = YES;
				CLANG_ENABLE_OBJC_ARC = YES;
				CLANG_WARN_BLOCK_CAPTURE_AUTORELEASING = YES;
				CLANG_WARN_BOOL_CONVERSION = YES;
				CLANG_WARN_COMMA = YES;
				CLANG_WARN_CONSTANT_CONVERSION = YES;
				CLANG_WARN_DIRECT_OBJC_ISA_USAGE = YES_ERROR;
				CLANG_WARN_DOCUMENTATION_COMMENTS = YES;
				CLANG_WARN_EMPTY_BODY = YES;
				CLANG_WARN_ENUM_CONVERSION = YES;
				CLANG_WARN_INFINITE_RECURSION = YES;
				CLANG_WARN_INT_CONVERSION = YES;
				CLANG_WARN_NON_LITERAL_NULL_CONVERSION = YES;
				CLANG_WARN_OBJC_LITERAL_CONVERSION = YES;
				CLANG_WARN_OBJC_ROOT_CLASS = YES_ERROR;
				CLANG_WARN_RANGE_LOOP_ANALYSIS = YES;
				CLANG_WARN_STRICT_PROTOTYPES = YES;
				CLANG_WARN_SUSPICIOUS_MOVE = YES;
				CLANG_WARN_UNGUARDED_AVAILABILITY = YES_AGGRESSIVE;
				CLANG_WARN_UNREACHABLE_CODE = YES;
				CLANG_WARN__DUPLICATE_METHOD_MATCH = YES;
				CODE_SIGN_IDENTITY = "iPhone Developer";
				COPY_PHASE_STRIP = NO;
				DEBUG_INFORMATION_FORMAT = dwarf;
				ENABLE_STRICT_OBJC_MSGSEND = YES;
				ENABLE_TESTABILITY = YES;
				GCC_C_LANGUAGE_STANDARD = gnu11;
				GCC_DYNAMIC_NO_PIC = NO;
				GCC_NO_COMMON_BLOCKS = YES;
				GCC_OPTIMIZATION_LEVEL = 0;
				GCC_PREPROCESSOR_DEFINITIONS = (
					"DEBUG=1",
					"$(inherited)",
				);
				GCC_WARN_64_TO_32_BIT_CONVERSION = YES;
				GCC_WARN_ABOUT_RETURN_TYPE = YES_ERROR;
				GCC_WARN_UNDECLARED_SELECTOR = YES;
				GCC_WARN_UNINITIALIZED_AUTOS = YES_AGGRESSIVE;
				GCC_WARN_UNUSED_FUNCTION = YES;
				GCC_WARN_UNUSED_VARIABLE = YES;
				IPHONEOS_DEPLOYMENT_TARGET = 11.1;
				MTL_ENABLE_DEBUG_INFO = YES;
				ONLY_ACTIVE_ARCH = YES;
				SDKROOT = iphoneos;
				SWIFT_ACTIVE_COMPILATION_CONDITIONS = DEBUG;
				SWIFT_OPTIMIZATION_LEVEL = "-Onone";
			};
			name = Debug;
		};
		54039F101FD9001B00298581 /* Release */ = {
			isa = XCBuildConfiguration;
			buildSettings = {
				ALWAYS_SEARCH_USER_PATHS = NO;
				CLANG_ANALYZER_NONNULL = YES;
				CLANG_ANALYZER_NUMBER_OBJECT_CONVERSION = YES_AGGRESSIVE;
				CLANG_CXX_LANGUAGE_STANDARD = "gnu++14";
				CLANG_CXX_LIBRARY = "libc++";
				CLANG_ENABLE_MODULES = YES;
				CLANG_ENABLE_OBJC_ARC = YES;
				CLANG_WARN_BLOCK_CAPTURE_AUTORELEASING = YES;
				CLANG_WARN_BOOL_CONVERSION = YES;
				CLANG_WARN_COMMA = YES;
				CLANG_WARN_CONSTANT_CONVERSION = YES;
				CLANG_WARN_DIRECT_OBJC_ISA_USAGE = YES_ERROR;
				CLANG_WARN_DOCUMENTATION_COMMENTS = YES;
				CLANG_WARN_EMPTY_BODY = YES;
				CLANG_WARN_ENUM_CONVERSION = YES;
				CLANG_WARN_INFINITE_RECURSION = YES;
				CLANG_WARN_INT_CONVERSION = YES;
				CLANG_WARN_NON_LITERAL_NULL_CONVERSION = YES;
				CLANG_WARN_OBJC_LITERAL_CONVERSION = YES;
				CLANG_WARN_OBJC_ROOT_CLASS = YES_ERROR;
				CLANG_WARN_RANGE_LOOP_ANALYSIS = YES;
				CLANG_WARN_STRICT_PROTOTYPES = YES;
				CLANG_WARN_SUSPICIOUS_MOVE = YES;
				CLANG_WARN_UNGUARDED_AVAILABILITY = YES_AGGRESSIVE;
				CLANG_WARN_UNREACHABLE_CODE = YES;
				CLANG_WARN__DUPLICATE_METHOD_MATCH = YES;
				CODE_SIGN_IDENTITY = "iPhone Developer";
				COPY_PHASE_STRIP = NO;
				DEBUG_INFORMATION_FORMAT = "dwarf-with-dsym";
				ENABLE_NS_ASSERTIONS = NO;
				ENABLE_STRICT_OBJC_MSGSEND = YES;
				GCC_C_LANGUAGE_STANDARD = gnu11;
				GCC_NO_COMMON_BLOCKS = YES;
				GCC_WARN_64_TO_32_BIT_CONVERSION = YES;
				GCC_WARN_ABOUT_RETURN_TYPE = YES_ERROR;
				GCC_WARN_UNDECLARED_SELECTOR = YES;
				GCC_WARN_UNINITIALIZED_AUTOS = YES_AGGRESSIVE;
				GCC_WARN_UNUSED_FUNCTION = YES;
				GCC_WARN_UNUSED_VARIABLE = YES;
				IPHONEOS_DEPLOYMENT_TARGET = 11.1;
				MTL_ENABLE_DEBUG_INFO = NO;
				SDKROOT = iphoneos;
				SWIFT_OPTIMIZATION_LEVEL = "-Owholemodule";
				VALIDATE_PRODUCT = YES;
			};
			name = Release;
		};
		54039F121FD9001B00298581 /* Debug */ = {
			isa = XCBuildConfiguration;
			buildSettings = {
				ASSETCATALOG_COMPILER_APPICON_NAME = AppIcon;
				CODE_SIGN_STYLE = Automatic;
				DEVELOPMENT_TEAM = Y79SBUWR57;
				INFOPLIST_FILE = VisionAppDev/Info.plist;
				LD_RUNPATH_SEARCH_PATHS = "$(inherited) @executable_path/Frameworks";
				PRODUCT_BUNDLE_IDENTIFIER = com.zoopstuff.VisionAppDev;
				PRODUCT_NAME = "$(TARGET_NAME)";
				SWIFT_VERSION = 4.0;
				TARGETED_DEVICE_FAMILY = "1,2";
			};
			name = Debug;
		};
		54039F131FD9001B00298581 /* Release */ = {
			isa = XCBuildConfiguration;
			buildSettings = {
				ASSETCATALOG_COMPILER_APPICON_NAME = AppIcon;
				CODE_SIGN_STYLE = Automatic;
				DEVELOPMENT_TEAM = Y79SBUWR57;
				INFOPLIST_FILE = VisionAppDev/Info.plist;
				LD_RUNPATH_SEARCH_PATHS = "$(inherited) @executable_path/Frameworks";
				PRODUCT_BUNDLE_IDENTIFIER = com.zoopstuff.VisionAppDev;
				PRODUCT_NAME = "$(TARGET_NAME)";
				SWIFT_VERSION = 4.0;
				TARGETED_DEVICE_FAMILY = "1,2";
			};
			name = Release;
		};
/* End XCBuildConfiguration section */

/* Begin XCConfigurationList section */
		54039EFA1FD9001B00298581 /* Build configuration list for PBXProject "VisionAppDev" */ = {
			isa = XCConfigurationList;
			buildConfigurations = (
				54039F0F1FD9001B00298581 /* Debug */,
				54039F101FD9001B00298581 /* Release */,
			);
			defaultConfigurationIsVisible = 0;
			defaultConfigurationName = Release;
		};
		54039F111FD9001B00298581 /* Build configuration list for PBXNativeTarget "VisionAppDev" */ = {
			isa = XCConfigurationList;
			buildConfigurations = (
				54039F121FD9001B00298581 /* Debug */,
				54039F131FD9001B00298581 /* Release */,
			);
			defaultConfigurationIsVisible = 0;
			defaultConfigurationName = Release;
		};
/* End XCConfigurationList section */
	};
	rootObject = 54039EF71FD9001B00298581 /* Project object */;
}
